
Microsoft Visual Studio Solution File, Format Version 12.00
# Visual Studio 15
VisualStudioVersion = 15.0.28307.438
MinimumVisualStudioVersion = 10.0.40219.1
Project("{FAE04EC0-301F-11D3-BF4B-00C04F79EFBC}") = "Client", "Client\Client.csproj", "{4E79E665-0568-4313-AC20-8F9D85286BA9}"
EndProject
Global
	GlobalSection(SolutionConfigurationPlatforms) = preSolution
		Debug|Any CPU = Debug|Any CPU
		Release|Any CPU = Release|Any CPU
	EndGlobalSection
	GlobalSection(ProjectConfigurationPlatforms) = postSolution
		{4E79E665-0568-4313-AC20-8F9D85286BA9}.Debug|Any CPU.ActiveCfg = Debug|Any CPU
		{4E79E665-0568-4313-AC20-8F9D85286BA9}.Debug|Any CPU.Build.0 = Debug|Any CPU
		{4E79E665-0568-4313-AC20-8F9D85286BA9}.Release|Any CPU.ActiveCfg = Release|Any CPU
		{4E79E665-0568-4313-AC20-8F9D85286BA9}.Release|Any CPU.Build.0 = Release|Any CPU
	EndGlobalSection
	GlobalSection(SolutionProperties) = preSolution
		HideSolutionNode = FALSE
	EndGlobalSection
	GlobalSection(ExtensibilityGlobals) = postSolution
		SolutionGuid = {1081B363-9159-4CB9-872A-D12B9A9F4853}
	EndGlobalSection
EndGlobal
