
Microsoft Visual Studio Solution File, Format Version 12.00
# Visual Studio 15
VisualStudioVersion = 15.0.28307.438
MinimumVisualStudioVersion = 10.0.40219.1
Project("{FAE04EC0-301F-11D3-BF4B-00C04F79EFBC}") = "Server", "Server\Server.csproj", "{D0BE0A2A-23D5-4428-96CB-F72A83676897}"
EndProject
Global
	GlobalSection(SolutionConfigurationPlatforms) = preSolution
		Debug|Any CPU = Debug|Any CPU
		Release|Any CPU = Release|Any CPU
	EndGlobalSection
	GlobalSection(ProjectConfigurationPlatforms) = postSolution
		{D0BE0A2A-23D5-4428-96CB-F72A83676897}.Debug|Any CPU.ActiveCfg = Debug|Any CPU
		{D0BE0A2A-23D5-4428-96CB-F72A83676897}.Debug|Any CPU.Build.0 = Debug|Any CPU
		{D0BE0A2A-23D5-4428-96CB-F72A83676897}.Release|Any CPU.ActiveCfg = Release|Any CPU
		{D0BE0A2A-23D5-4428-96CB-F72A83676897}.Release|Any CPU.Build.0 = Release|Any CPU
	EndGlobalSection
	GlobalSection(SolutionProperties) = preSolution
		HideSolutionNode = FALSE
	EndGlobalSection
	GlobalSection(ExtensibilityGlobals) = postSolution
		SolutionGuid = {A64977CC-8622-48A1-9631-CF2011C6DD18}
	EndGlobalSection
EndGlobal
